
Microsoft Visual Studio Solution File, Format Version 12.00
# Visual Studio 15
VisualStudioVersion = 15.0.28010.2016
MinimumVisualStudioVersion = 10.0.40219.1
Project("{2150E333-8FDC-42A3-9474-1A3956D46DE8}") = ".root", ".root", "{94772DD9-7E78-4633-8C80-11DDC7C0C0F0}"
	ProjectSection(SolutionItems) = preProject
		.gitattributes = .gitattributes
		.gitignore = .gitignore
		CHANGES.md = CHANGES.md
		General.cs = General.cs
		General.props = General.props
		LICENSE.txt = LICENSE.txt
		Make.ps1 = Make.ps1
		README.md = README.md
		Set-Version.ps1 = Set-Version.ps1
	EndProjectSection
EndProject
Project("{9A19103F-16F7-4668-BE54-9A1E7A4F7556}") = "Sharp.Diagnostics.Logging", "Sharp.Diagnostics.Logging\Sharp.Diagnostics.Logging.csproj", "{22499849-04A9-4940-B907-A6671B8DEAA7}"
EndProject
Project("{9A19103F-16F7-4668-BE54-9A1E7A4F7556}") = "Sharp.Diagnostics.Logging.Tests", "Sharp.Diagnostics.Logging.Tests\Sharp.Diagnostics.Logging.Tests.csproj", "{6C790C3A-5E7C-4251-80C1-A983E9679ADE}"
EndProject
Global
	GlobalSection(SolutionConfigurationPlatforms) = preSolution
		Debug|Any CPU = Debug|Any CPU
		Release|Any CPU = Release|Any CPU
	EndGlobalSection
	GlobalSection(ProjectConfigurationPlatforms) = postSolution
		{22499849-04A9-4940-B907-A6671B8DEAA7}.Debug|Any CPU.ActiveCfg = Debug|Any CPU
		{22499849-04A9-4940-B907-A6671B8DEAA7}.Debug|Any CPU.Build.0 = Debug|Any CPU
		{22499849-04A9-4940-B907-A6671B8DEAA7}.Release|Any CPU.ActiveCfg = Release|Any CPU
		{22499849-04A9-4940-B907-A6671B8DEAA7}.Release|Any CPU.Build.0 = Release|Any CPU
		{6C790C3A-5E7C-4251-80C1-A983E9679ADE}.Debug|Any CPU.ActiveCfg = Debug|Any CPU
		{6C790C3A-5E7C-4251-80C1-A983E9679ADE}.Debug|Any CPU.Build.0 = Debug|Any CPU
		{6C790C3A-5E7C-4251-80C1-A983E9679ADE}.Release|Any CPU.ActiveCfg = Release|Any CPU
		{6C790C3A-5E7C-4251-80C1-A983E9679ADE}.Release|Any CPU.Build.0 = Release|Any CPU
	EndGlobalSection
	GlobalSection(SolutionProperties) = preSolution
		HideSolutionNode = FALSE
	EndGlobalSection
	GlobalSection(ExtensibilityGlobals) = postSolution
		SolutionGuid = {B1D49F3F-2419-48E3-8653-1CDF27C98946}
	EndGlobalSection
EndGlobal
